// !$*UTF8*$!
{
	archiveVersion = 1;
	classes = {
	};
	objectVersion = 46;
	objects = {

/* Begin PBXBuildFile section */
		84C5780220CC2700005A75A2 /* AppDelegate.swift in Sources */ = {isa = PBXBuildFile; fileRef = 84C5780120CC2700005A75A2 /* AppDelegate.swift */; };
		84C5780420CC2700005A75A2 /* Assets.xcassets in Resources */ = {isa = PBXBuildFile; fileRef = 84C5780320CC2700005A75A2 /* Assets.xcassets */; };
		84C5780720CC2700005A75A2 /* MainMenu.xib in Resources */ = {isa = PBXBuildFile; fileRef = 84C5780520CC2700005A75A2 /* MainMenu.xib */; };
/* End PBXBuildFile section */

/* Begin PBXFileReference section */
		84C577FE20CC2700005A75A2 /* spinSquare.app */ = {isa = PBXFileReference; explicitFileType = wrapper.application; includeInIndex = 0; path = spinSquare.app; sourceTree = BUILT_PRODUCTS_DIR; };
		84C5780120CC2700005A75A2 /* AppDelegate.swift */ = {isa = PBXFileReference; lastKnownFileType = sourcecode.swift; path = AppDelegate.swift; sourceTree = "<group>"; };
		84C5780320CC2700005A75A2 /* Assets.xcassets */ = {isa = PBXFileReference; lastKnownFileType = folder.assetcatalog; path = Assets.xcassets; sourceTree = "<group>"; };
		84C5780620CC2700005A75A2 /* Base */ = {isa = PBXFileReference; lastKnownFileType = file.xib; name = Base; path = Base.lproj/MainMenu.xib; sourceTree = "<group>"; };
		84C5780820CC2700005A75A2 /* Info.plist */ = {isa = PBXFileReference; lastKnownFileType = text.plist.xml; path = Info.plist; sourceTree = "<group>"; };
/* End PBXFileReference section */

/* Begin PBXFrameworksBuildPhase section */
		84C577FB20CC2700005A75A2 /* Frameworks */ = {
			isa = PBXFrameworksBuildPhase;
			buildActionMask = 2147483647;
			files = (
			);
			runOnlyForDeploymentPostprocessing = 0;
		};
/* End PBXFrameworksBuildPhase section */

/* Begin PBXGroup section */
		84C577F520CC26FF005A75A2 = {
			isa = PBXGroup;
			children = (
				84C5780020CC2700005A75A2 /* spinSquare */,
				84C577FF20CC2700005A75A2 /* Products */,
			);
			sourceTree = "<group>";
		};
		84C577FF20CC2700005A75A2 /* Products */ = {
			isa = PBXGroup;
			children = (
				84C577FE20CC2700005A75A2 /* spinSquare.app */,
			);
			name = Products;
			sourceTree = "<group>";
		};
		84C5780020CC2700005A75A2 /* spinSquare */ = {
			isa = PBXGroup;
			children = (
				84C5780120CC2700005A75A2 /* AppDelegate.swift */,
				84C5780320CC2700005A75A2 /* Assets.xcassets */,
				84C5780520CC2700005A75A2 /* MainMenu.xib */,
				84C5780820CC2700005A75A2 /* Info.plist */,
			);
			path = spinSquare;
			sourceTree = "<group>";
		};
/* End PBXGroup section */

/* Begin PBXNativeTarget section */
		84C577FD20CC2700005A75A2 /* spinSquare */ = {
			isa = PBXNativeTarget;
			buildConfigurationList = 84C5780B20CC2700005A75A2 /* Build configuration list for PBXNativeTarget "spinSquare" */;
			buildPhases = (
				84C577FA20CC2700005A75A2 /* Sources */,
				84C577FB20CC2700005A75A2 /* Frameworks */,
				84C577FC20CC2700005A75A2 /* Resources */,
			);
			buildRules = (
			);
			dependencies = (
			);
			name = spinSquare;
			productName = spinSquare;
			productReference = 84C577FE20CC2700005A75A2 /* spinSquare.app */;
			productType = "com.apple.product-type.application";
		};
/* End PBXNativeTarget section */

/* Begin PBXProject section */
		84C577F620CC26FF005A75A2 /* Project object */ = {
			isa = PBXProject;
			attributes = {
				LastSwiftUpdateCheck = 0820;
				LastUpgradeCheck = 0820;
				ORGANIZATIONNAME = admin;
				TargetAttributes = {
					84C577FD20CC2700005A75A2 = {
						CreatedOnToolsVersion = 8.2.1;
						DevelopmentTeam = XZ388CS8AV;
						ProvisioningStyle = Automatic;
					};
				};
			};
			buildConfigurationList = 84C577F920CC26FF005A75A2 /* Build configuration list for PBXProject "spinSquare" */;
			compatibilityVersion = "Xcode 3.2";
			developmentRegion = English;
			hasScannedForEncodings = 0;
			knownRegions = (
				en,
				Base,
			);
			mainGroup = 84C577F520CC26FF005A75A2;
			productRefGroup = 84C577FF20CC2700005A75A2 /* Products */;
			projectDirPath = "";
			projectRoot = "";
			targets = (
				84C577FD20CC2700005A75A2 /* spinSquare */,
			);
		};
/* End PBXProject section */

/* Begin PBXResourcesBuildPhase section */
		84C577FC20CC2700005A75A2 /* Resources */ = {
			isa = PBXResourcesBuildPhase;
			buildActionMask = 2147483647;
			files = (
				84C5780420CC2700005A75A2 /* Assets.xcassets in Resources */,
				84C5780720CC2700005A75A2 /* MainMenu.xib in Resources */,
			);
			runOnlyForDeploymentPostprocessing = 0;
		};
/* End PBXResourcesBuildPhase section */

/* Begin PBXSourcesBuildPhase section */
		84C577FA20CC2700005A75A2 /* Sources */ = {
			isa = PBXSourcesBuildPhase;
			buildActionMask = 2147483647;
			files = (
				84C5780220CC2700005A75A2 /* AppDelegate.swift in Sources */,
			);
			runOnlyForDeploymentPostprocessing = 0;
		};
/* End PBXSourcesBuildPhase section */

/* Begin PBXVariantGroup section */
		84C5780520CC2700005A75A2 /* MainMenu.xib */ = {
			isa = PBXVariantGroup;
			children = (
				84C5780620CC2700005A75A2 /* Base */,
			);
			name = MainMenu.xib;
			sourceTree = "<group>";
		};
/* End PBXVariantGroup section */

/* Begin XCBuildConfiguration section */
		84C5780920CC2700005A75A2 /* Debug */ = {
			isa = XCBuildConfiguration;
			buildSettings = {
				ALWAYS_SEARCH_USER_PATHS = NO;
				CLANG_ANALYZER_NONNULL = YES;
				CLANG_CXX_LANGUAGE_STANDARD = "gnu++0x";
				CLANG_CXX_LIBRARY = "libc++";
				CLANG_ENABLE_MODULES = YES;
				CLANG_ENABLE_OBJC_ARC = YES;
				CLANG_WARN_BOOL_CONVERSION = YES;
				CLANG_WARN_CONSTANT_CONVERSION = YES;
				CLANG_WARN_DIRECT_OBJC_ISA_USAGE = YES_ERROR;
				CLANG_WARN_DOCUMENTATION_COMMENTS = YES;
				CLANG_WARN_EMPTY_BODY = YES;
				CLANG_WARN_ENUM_CONVERSION = YES;
				CLANG_WARN_INFINITE_RECURSION = YES;
				CLANG_WARN_INT_CONVERSION = YES;
				CLANG_WARN_OBJC_ROOT_CLASS = YES_ERROR;
				CLANG_WARN_SUSPICIOUS_MOVE = YES;
				CLANG_WARN_UNREACHABLE_CODE = YES;
				CLANG_WARN__DUPLICATE_METHOD_MATCH = YES;
				CODE_SIGN_IDENTITY = "-";
				COPY_PHASE_STRIP = NO;
				DEBUG_INFORMATION_FORMAT = dwarf;
				ENABLE_STRICT_OBJC_MSGSEND = YES;
				ENABLE_TESTABILITY = YES;
				GCC_C_LANGUAGE_STANDARD = gnu99;
				GCC_DYNAMIC_NO_PIC = NO;
				GCC_NO_COMMON_BLOCKS = YES;
				GCC_OPTIMIZATION_LEVEL = 0;
				GCC_PREPROCESSOR_DEFINITIONS = (
					"DEBUG=1",
					"$(inherited)",
				);
				GCC_WARN_64_TO_32_BIT_CONVERSION = YES;
				GCC_WARN_ABOUT_RETURN_TYPE = YES_ERROR;
				GCC_WARN_UNDECLARED_SELECTOR = YES;
				GCC_WARN_UNINITIALIZED_AUTOS = YES_AGGRESSIVE;
				GCC_WARN_UNUSED_FUNCTION = YES;
				GCC_WARN_UNUSED_VARIABLE = YES;
				MACOSX_DEPLOYMENT_TARGET = 10.11;
				MTL_ENABLE_DEBUG_INFO = YES;
				ONLY_ACTIVE_ARCH = YES;
				SDKROOT = macosx;
				SWIFT_ACTIVE_COMPILATION_CONDITIONS = DEBUG;
				SWIFT_OPTIMIZATION_LEVEL = "-Onone";
			};
			name = Debug;
		};
		84C5780A20CC2700005A75A2 /* Release */ = {
			isa = XCBuildConfiguration;
			buildSettings = {
				ALWAYS_SEARCH_USER_PATHS = NO;
				CLANG_ANALYZER_NONNULL = YES;
				CLANG_CXX_LANGUAGE_STANDARD = "gnu++0x";
				CLANG_CXX_LIBRARY = "libc++";
				CLANG_ENABLE_MODULES = YES;
				CLANG_ENABLE_OBJC_ARC = YES;
				CLANG_WARN_BOOL_CONVERSION = YES;
				CLANG_WARN_CONSTANT_CONVERSION = YES;
				CLANG_WARN_DIRECT_OBJC_ISA_USAGE = YES_ERROR;
				CLANG_WARN_DOCUMENTATION_COMMENTS = YES;
				CLANG_WARN_EMPTY_BODY = YES;
				CLANG_WARN_ENUM_CONVERSION = YES;
				CLANG_WARN_INFINITE_RECURSION = YES;
				CLANG_WARN_INT_CONVERSION = YES;
				CLANG_WARN_OBJC_ROOT_CLASS = YES_ERROR;
				CLANG_WARN_SUSPICIOUS_MOVE = YES;
				CLANG_WARN_UNREACHABLE_CODE = YES;
				CLANG_WARN__DUPLICATE_METHOD_MATCH = YES;
				CODE_SIGN_IDENTITY = "-";
				COPY_PHASE_STRIP = NO;
				DEBUG_INFORMATION_FORMAT = "dwarf-with-dsym";
				ENABLE_NS_ASSERTIONS = NO;
				ENABLE_STRICT_OBJC_MSGSEND = YES;
				GCC_C_LANGUAGE_STANDARD = gnu99;
				GCC_NO_COMMON_BLOCKS = YES;
				GCC_WARN_64_TO_32_BIT_CONVERSION = YES;
				GCC_WARN_ABOUT_RETURN_TYPE = YES_ERROR;
				GCC_WARN_UNDECLARED_SELECTOR = YES;
				GCC_WARN_UNINITIALIZED_AUTOS = YES_AGGRESSIVE;
				GCC_WARN_UNUSED_FUNCTION = YES;
				GCC_WARN_UNUSED_VARIABLE = YES;
				MACOSX_DEPLOYMENT_TARGET = 10.11;
				MTL_ENABLE_DEBUG_INFO = NO;
				SDKROOT = macosx;
				SWIFT_OPTIMIZATION_LEVEL = "-Owholemodule";
			};
			name = Release;
		};
		84C5780C20CC2700005A75A2 /* Debug */ = {
			isa = XCBuildConfiguration;
			buildSettings = {
				ASSETCATALOG_COMPILER_APPICON_NAME = AppIcon;
				COMBINE_HIDPI_IMAGES = YES;
				DEVELOPMENT_TEAM = XZ388CS8AV;
				INFOPLIST_FILE = spinSquare/Info.plist;
				LD_RUNPATH_SEARCH_PATHS = "$(inherited) @executable_path/../Frameworks";
				PRODUCT_BUNDLE_IDENTIFIER = private.me.spinSquare;
				PRODUCT_NAME = "$(TARGET_NAME)";
				SWIFT_VERSION = 3.0;
			};
			name = Debug;
		};
		84C5780D20CC2700005A75A2 /* Release */ = {
			isa = XCBuildConfiguration;
			buildSettings = {
				ASSETCATALOG_COMPILER_APPICON_NAME = AppIcon;
				COMBINE_HIDPI_IMAGES = YES;
				DEVELOPMENT_TEAM = XZ388CS8AV;
				INFOPLIST_FILE = spinSquare/Info.plist;
				LD_RUNPATH_SEARCH_PATHS = "$(inherited) @executable_path/../Frameworks";
				PRODUCT_BUNDLE_IDENTIFIER = private.me.spinSquare;
				PRODUCT_NAME = "$(TARGET_NAME)";
				SWIFT_VERSION = 3.0;
			};
			name = Release;
		};
/* End XCBuildConfiguration section */

/* Begin XCConfigurationList section */
		84C577F920CC26FF005A75A2 /* Build configuration list for PBXProject "spinSquare" */ = {
			isa = XCConfigurationList;
			buildConfigurations = (
				84C5780920CC2700005A75A2 /* Debug */,
				84C5780A20CC2700005A75A2 /* Release */,
			);
			defaultConfigurationIsVisible = 0;
			defaultConfigurationName = Release;
		};
		84C5780B20CC2700005A75A2 /* Build configuration list for PBXNativeTarget "spinSquare" */ = {
			isa = XCConfigurationList;
			buildConfigurations = (
				84C5780C20CC2700005A75A2 /* Debug */,
				84C5780D20CC2700005A75A2 /* Release */,
			);
			defaultConfigurationIsVisible = 0;
		};
/* End XCConfigurationList section */
	};
	rootObject = 84C577F620CC26FF005A75A2 /* Project object */;
}
